
Microsoft Visual Studio Solution File, Format Version 12.00
# Visual Studio 15
VisualStudioVersion = 15.0.27130.2027
MinimumVisualStudioVersion = 10.0.40219.1
Project("{00D1A9C2-B5F0-4AF3-8072-F6C62B433612}") = "Database", "Database\Database.sqlproj", "{35C555D9-7790-42C2-8F87-88D5EEB8814B}"
EndProject
Global
	GlobalSection(SolutionConfigurationPlatforms) = preSolution
		Debug|Any CPU = Debug|Any CPU
		Release|Any CPU = Release|Any CPU
	EndGlobalSection
	GlobalSection(ProjectConfigurationPlatforms) = postSolution
		{35C555D9-7790-42C2-8F87-88D5EEB8814B}.Debug|Any CPU.ActiveCfg = Debug|Any CPU
		{35C555D9-7790-42C2-8F87-88D5EEB8814B}.Debug|Any CPU.Build.0 = Debug|Any CPU
		{35C555D9-7790-42C2-8F87-88D5EEB8814B}.Debug|Any CPU.Deploy.0 = Debug|Any CPU
		{35C555D9-7790-42C2-8F87-88D5EEB8814B}.Release|Any CPU.ActiveCfg = Release|Any CPU
		{35C555D9-7790-42C2-8F87-88D5EEB8814B}.Release|Any CPU.Build.0 = Release|Any CPU
		{35C555D9-7790-42C2-8F87-88D5EEB8814B}.Release|Any CPU.Deploy.0 = Release|Any CPU
	EndGlobalSection
	GlobalSection(SolutionProperties) = preSolution
		HideSolutionNode = FALSE
	EndGlobalSection
	GlobalSection(ExtensibilityGlobals) = postSolution
		SolutionGuid = {C493D288-3344-439F-A382-B051E1F08116}
	EndGlobalSection
EndGlobal
